{
  "originHash" : "900e89015c81daf3eb48185ddd8973de13b7d344facb7906b25947fb2b876ac9",
  "pins" : [
    {
      "identity" : "kakaomapssdk-spm",
      "kind" : "remoteSourceControl",
      "location" : "https://github.com/kakao-mapsSDK/KakaoMapsSDK-SPM.git",
      "state" : {
        "revision" : "b0e4e20952db468e5e31e994c2b32b0ab35f39be",
        "version" : "2.12.6"
      }
    }
  ],
  "version" : 3
}
